github.com/OneOfOne/xxhash v1.2.2 h1:KMrpdQIwFcEqXDklaen+P1axHaj9BSKzvpUUfnHldSE=
github.com/OneOfOne/xxhash v1.2.2/go.mod h1:HSdplMjZKSmBqAxg5vPj2TmRDmfkzw+cTzAElWljhcU=
github.com/cespare/xxhash v1.1.0 h1:a6HrQnmkObjyL+Gs60czilIUGqrzKutQD6XZog3p+ko=
github.com/cespare/xxhash v1.1.0/go.mod h1:XrSqR1VqqWfGrhpAt58auRo0WTKS1nRRg3ghfAqPWnc=
github.com/emirpasic/gods v1.12.0 h1:QAUIPSaCu4G+POclxeqb3F+WPpdKqFGlw36+yOzGlrg=
github.com/emirpasic/gods v1.12.0/go.mod h1:YfzfFFoVP/catgzJb4IKIqXjX78Ha8FMSDh3ymbK86o=
github.com/go-faces/logger v0.0.0-20180617163310-c221c1151623 h1:xVUX8RsBcPkY/71ROl0LH1R/CdWb2T4SgZG5/YBzLG8=
github.com/go-faces/logger v0.0.0-20180617163310-c221c1151623/go.mod h1:SVVgV84TH5kwnQnkxfbczA9G/f7/dJXNmajoScO6zTY=
github.com/gofunky/hashstructure v1.2.2 h1:QSX2fv+SjTZA7e0ICjQm4AU5iZoJdzs/BN9TAoFlkfE=
github.com/gofunky/hashstructure v1.2.2/go.mod h1:ChxDtCwR2t7VCV6BmlfzW97DGZtwOtyVPy7LVjF8j5E=
github.com/gofunky/pyraset v0.0.0-20190201174058-c5e2af1b9163 h1:+3XrDmZZntKYqbR8npbiaQAegnb4pVxF6/yvFtm1XEM=
github.com/gofunky/pyraset v0.0.0-20190201174058-c5e2af1b9163/go.mod h1:cjNWujqnT1n2L0REZJv96oRqtlXdHy76fm10A2goJ1M=
github.com/gofunky/pyraset/v2 v2.0.1 h1:2uEynDRRQX8jJW5rY09pjHhdnLYYBrmAqRmq7Qly8UQ=
github.com/gofunky/pyraset/v2 v2.0.1/go.mod h1:gKGNa3ukkBmlBHt1PYM3d6MI5UjWJ5Am5CCuzRMSVGY=
github.com/gofunky/pyraset/v2 v2.0.2 h1:eI2hiJQ8O7L1US5p7rJs1yAkaPJDnSGzh44d6Ye4KZs=
github.com/gofunky/pyraset/v2 v2.0.2/go.mod h1:gKGNa3ukkBmlBHt1PYM3d6MI5UjWJ5Am5CCuzRMSVGY=
github.com/spaolacci/murmur3 v0.0.0-20180118202830-f09979ecbc72 h1:qLC7fQah7D6K1B0ujays3HV9gkFtllcxhzImRR7ArPQ=
github.com/spaolacci/murmur3 v0.0.0-20180118202830-f09979ecbc72/go.mod h1:JwIasOWyU6f++ZhiEuf87xNszmSA2myDM2Kzu9HwQUA=
