github.com/deckarep/golang-set v1.7.1 h1:SCQV0S6gTtp6itiFrTqI+pfmJ4LN85S1YzhDf9rTHJQ=
github.com/deckarep/golang-set v1.7.1/go.mod h1:93vsz/8Wt4joVM7c2AVqh+YRMiUSc14yDtF28KmMOgQ=
github.com/emirpasic/gods v1.12.0 h1:QAUIPSaCu4G+POclxeqb3F+WPpdKqFGlw36+yOzGlrg=
github.com/emirpasic/gods v1.12.0/go.mod h1:YfzfFFoVP/catgzJb4IKIqXjX78Ha8FMSDh3ymbK86o=
github.com/go-faces/logger v0.0.0-20180617163310-c221c1151623 h1:xVUX8RsBcPkY/71ROl0LH1R/CdWb2T4SgZG5/YBzLG8=
github.com/go-faces/logger v0.0.0-20180617163310-c221c1151623/go.mod h1:SVVgV84TH5kwnQnkxfbczA9G/f7/dJXNmajoScO6zTY=
