# This file is autogenerated, do not edit; changes may be undone by the next 'dep ensure'.


[[projects]]
  name = "github.com/deckarep/golang-set"
  packages = ["."]
  revision = "cbaa98ba5575e67703b32b4b19f73c91f3c4159e"
  version = "v1.7.1"

[[projects]]
  branch = "master"
  name = "github.com/go-faces/logger"
  packages = ["."]
  revision = "c221c11516236e1a31ad2c85eb751ae9a6699b32"

[[projects]]
  branch = "master"
  name = "github.com/uber-go/atomic"
  packages = ["."]
  revision = "8dc6146f7569370a472715e178d8ae31172ee6da"

[solve-meta]
  analyzer-name = "dep"
  analyzer-version = 1
  inputs-digest = "ae791c4de6c296b48de46d06fa2ec89fbb9305a58135a0e29f4695b7d230d7db"
  solver-name = "gps-cdcl"
  solver-version = 1
