# This file is autogenerated, do not edit; changes may be undone by the next 'dep ensure'.


[[projects]]
  name = "github.com/deckarep/golang-set"
  packages = ["."]
  revision = "cbaa98ba5575e67703b32b4b19f73c91f3c4159e"
  version = "v1.7.1"

[[projects]]
  branch = "master"
  name = "github.com/go-faces/logger"
  packages = ["."]
  revision = "c221c11516236e1a31ad2c85eb751ae9a6699b32"

[solve-meta]
  analyzer-name = "dep"
  analyzer-version = 1
  inputs-digest = "e1737bf6f6d42ddf7b5098cb243d8e5fb5d6e352df3bb2178d374cd455569bd1"
  solver-name = "gps-cdcl"
  solver-version = 1
